
Microsoft Visual Studio Solution File, Format Version 12.00
# Visual Studio 2013
VisualStudioVersion = 12.0.31101.0
MinimumVisualStudioVersion = 10.0.40219.1
Project("{FAE04EC0-301F-11D3-BF4B-00C04F79EFBC}") = "SportFood", "SportFood\SportFood.csproj", "{59CA2D5E-510D-48FF-B4EE-07E291C53051}"
EndProject
Project("{2150E333-8FDC-42A3-9474-1A3956D46DE8}") = "PublishScripts", "PublishScripts", "{C0905C9E-F7DB-4CBC-A217-EDD62BB79AB7}"
	ProjectSection(SolutionItems) = preProject
		PublishScripts\AzureWebsitePublishModule.psm1 = PublishScripts\AzureWebsitePublishModule.psm1
		PublishScripts\Publish-WebApplicationWebsite.ps1 = PublishScripts\Publish-WebApplicationWebsite.ps1
	EndProjectSection
EndProject
Project("{2150E333-8FDC-42A3-9474-1A3956D46DE8}") = "Configurations", "Configurations", "{94F6397F-A6C5-40D2-BC56-23616F5DE503}"
	ProjectSection(SolutionItems) = preProject
		PublishScripts\Configurations\SportFood-WAWS-dev.json = PublishScripts\Configurations\SportFood-WAWS-dev.json
	EndProjectSection
EndProject
Global
	GlobalSection(SolutionConfigurationPlatforms) = preSolution
		Debug|Any CPU = Debug|Any CPU
		Release|Any CPU = Release|Any CPU
	EndGlobalSection
	GlobalSection(ProjectConfigurationPlatforms) = postSolution
		{59CA2D5E-510D-48FF-B4EE-07E291C53051}.Debug|Any CPU.ActiveCfg = Debug|Any CPU
		{59CA2D5E-510D-48FF-B4EE-07E291C53051}.Debug|Any CPU.Build.0 = Debug|Any CPU
		{59CA2D5E-510D-48FF-B4EE-07E291C53051}.Release|Any CPU.ActiveCfg = Release|Any CPU
		{59CA2D5E-510D-48FF-B4EE-07E291C53051}.Release|Any CPU.Build.0 = Release|Any CPU
	EndGlobalSection
	GlobalSection(SolutionProperties) = preSolution
		HideSolutionNode = FALSE
	EndGlobalSection
	GlobalSection(NestedProjects) = preSolution
		{94F6397F-A6C5-40D2-BC56-23616F5DE503} = {C0905C9E-F7DB-4CBC-A217-EDD62BB79AB7}
	EndGlobalSection
EndGlobal
